Microsoft Visual Studio Solution File, Format Version 12.00
# Visual Studio 15
VisualStudioVersion = 15.0.28307.1000
MinimumVisualStudioVersion = 10.0.40219.1
Project("{FAE04EC0-301F-11D3-BF4B-00C04F79EFBC}") = "LorBrowser", "LorBrowser.csproj", "{B8A72149-8FDF-4395-97F2-123456789ABC}"
EndProject
Global
	GlobalSection(SolutionConfigurationPlatforms) = preSolution
		Debug|x86 = Debug|x86
		Release|ARM = Release|ARM
	EndGlobalSection
	GlobalSection(ProjectConfigurationPlatforms) = postSolution
		{B8A72149-8FDF-4395-97F2-123456789ABC}.Debug|x86.ActiveCfg = Debug|x86
		{B8A72149-8FDF-4395-97F2-123456789ABC}.Debug|x86.Build.0 = Debug|x86
		{B8A72149-8FDF-4395-97F2-123456789ABC}.Release|ARM.ActiveCfg = Release|ARM
		{B8A72149-8FDF-4395-97F2-123456789ABC}.Release|ARM.Build.0 = Release|ARM
	EndGlobalSection
	GlobalSection(SolutionProperties) = preSolution
		HideSolutionNode = FALSE
	EndGlobalSection
EndGlobal
